// !$*UTF8*$!
{
	archiveVersion = 1;
	classes = {
	};
	objectVersion = 77;
	objects = {

/* Begin PBXBuildFile section */
		8D1F0ECD304930EF00D4B273 /* Domain in Frameworks */ = {isa = PBXBuildFile; productRef = 8D1F0ECC304930EF00D4B273 /* Domain */; };
		8D1F0ECF304930F400D4B273 /* EVEStaticData in Frameworks */ = {isa = PBXBuildFile; productRef = 8D1F0ECE304930F400D4B273 /* EVEStaticData */; };
		8D1F0ED2304930F500D4B273 /* EVEAuth in Frameworks */ = {isa = PBXBuildFile; productRef = 8D1F0ED1304930F500D4B273 /* EVEAuth */; };
		8D1F0EE1304930F600D4B273 /* sde.sqlite in Resources */ = {isa = PBXBuildFile; fileRef = 8D1F0EE0304930F600D4B273 /* sde.sqlite */; };
		8D2A0EFA304932F700D4B273 /* WidgetKit.framework in Frameworks */ = {isa = PBXBuildFile; fileRef = 8D2A0EF9304932F700D4B273 /* WidgetKit.framework */; };
		8D2A0EFC304932F700D4B273 /* CanopusWidget.appex in Embed Foundation Extensions */ = {isa = PBXBuildFile; fileRef = 8D2A0EF0304932F700D4B273 /* CanopusWidget.appex */; settings = {ATTRIBUTES = (RemoveHeadersOnCopy, ); }; };
/* End PBXBuildFile section */

/* Begin PBXContainerItemProxy section */
		8D1F0E9B304929ED00D4B273 /* PBXContainerItemProxy */ = {
			isa = PBXContainerItemProxy;
			containerPortal = 8D1F0E85304929EB00D4B273 /* Project object */;
			proxyType = 1;
			remoteGlobalIDString = 8D1F0E8C304929EB00D4B273;
			remoteInfo = Canopus;
		};
		8D1F0EA5304929ED00D4B273 /* PBXContainerItemProxy */ = {
			isa = PBXContainerItemProxy;
			containerPortal = 8D1F0E85304929EB00D4B273 /* Project object */;
			proxyType = 1;
			remoteGlobalIDString = 8D1F0E8C304929EB00D4B273;
			remoteInfo = Canopus;
		};
		8D2A0EFE304932F700D4B273 /* PBXContainerItemProxy */ = {
			isa = PBXContainerItemProxy;
			containerPortal = 8D1F0E85304929EB00D4B273 /* Project object */;
			proxyType = 1;
			remoteGlobalIDString = 8D2A0EF1304932F700D4B273;
			remoteInfo = CanopusWidget;
		};
/* End PBXContainerItemProxy section */

/* Begin PBXCopyFilesBuildPhase section */
		8D2A0EFB304932F700D4B273 /* Embed Foundation Extensions */ = {
			isa = PBXCopyFilesBuildPhase;
			buildActionMask = 2147483647;
			dstPath = "";
			dstSubfolderSpec = 13;
			files = (
				8D2A0EFC304932F700D4B273 /* CanopusWidget.appex in Embed Foundation Extensions */,
			);
			name = "Embed Foundation Extensions";
			runOnlyForDeploymentPostprocessing = 0;
		};
/* End PBXCopyFilesBuildPhase section */

/* Begin PBXFileReference section */
		8D1F0E8D304929EB00D4B273 /* Canopus.app */ = {isa = PBXFileReference; explicitFileType = wrapper.application; includeInIndex = 0; path = Canopus.app; sourceTree = BUILT_PRODUCTS_DIR; };
		8D1F0E9A304929ED00D4B273 /* CanopusTests.xctest */ = {isa = PBXFileReference; explicitFileType = wrapper.cfbundle; includeInIndex = 0; path = CanopusTests.xctest; sourceTree = BUILT_PRODUCTS_DIR; };
		8D1F0EA4304929ED00D4B273 /* CanopusUITests.xctest */ = {isa = PBXFileReference; explicitFileType = wrapper.cfbundle; includeInIndex = 0; path = CanopusUITests.xctest; sourceTree = BUILT_PRODUCTS_DIR; };
		8D1F0EE0304930F600D4B273 /* sde.sqlite */ = {isa = PBXFileReference; lastKnownFileType = file; name = sde.sqlite; path = Canopus/Resources/sde.sqlite; sourceTree = SOURCE_ROOT; };
		8D2A0EF0304932F700D4B273 /* CanopusWidget.appex */ = {isa = PBXFileReference; explicitFileType = "wrapper.app-extension"; includeInIndex = 0; path = CanopusWidget.appex; sourceTree = BUILT_PRODUCTS_DIR; };
		8D2A0EF9304932F700D4B273 /* WidgetKit.framework */ = {isa = PBXFileReference; lastKnownFileType = wrapper.framework; name = WidgetKit.framework; path = System/Library/Frameworks/WidgetKit.framework; sourceTree = SDKROOT; };
/* End PBXFileReference section */

/* Begin PBXFileSystemSynchronizedRootGroup section */
		8D1F0E8F304929EB00D4B273 /* Canopus */ = {
			isa = PBXFileSystemSynchronizedRootGroup;
			path = Canopus;
			sourceTree = "<group>";
		};
		8D1F0E9D304929ED00D4B273 /* CanopusTests */ = {
			isa = PBXFileSystemSynchronizedRootGroup;
			path = CanopusTests;
			sourceTree = "<group>";
		};
		8D1F0EA7304929ED00D4B273 /* CanopusUITests */ = {
			isa = PBXFileSystemSynchronizedRootGroup;
			path = CanopusUITests;
			sourceTree = "<group>";
		};
		8D2A0EF8304932F700D4B273 /* CanopusWidget */ = {
			isa = PBXFileSystemSynchronizedRootGroup;
			path = CanopusWidget;
			sourceTree = "<group>";
		};
/* End PBXFileSystemSynchronizedRootGroup section */

/* Begin PBXFrameworksBuildPhase section */
		8D1F0E8A304929EB00D4B273 /* Frameworks */ = {
			isa = PBXFrameworksBuildPhase;
			buildActionMask = 2147483647;
			files = (
				8D1F0ECD304930EF00D4B273 /* Domain in Frameworks */,
				8D1F0ECF304930F400D4B273 /* EVEStaticData in Frameworks */,
				8D1F0ED2304930F500D4B273 /* EVEAuth in Frameworks */,
			);
			runOnlyForDeploymentPostprocessing = 0;
		};
		8D1F0E97304929ED00D4B273 /* Frameworks */ = {
			isa = PBXFrameworksBuildPhase;
			buildActionMask = 2147483647;
			files = (
			);
			runOnlyForDeploymentPostprocessing = 0;
		};
		8D1F0EA1304929ED00D4B273 /* Frameworks */ = {
			isa = PBXFrameworksBuildPhase;
			buildActionMask = 2147483647;
			files = (
			);
			runOnlyForDeploymentPostprocessing = 0;
		};
		8D2A0EF7304932F700D4B273 /* Frameworks */ = {
			isa = PBXFrameworksBuildPhase;
			buildActionMask = 2147483647;
			files = (
				8D2A0EFA304932F700D4B273 /* WidgetKit.framework in Frameworks */,
			);
			runOnlyForDeploymentPostprocessing = 0;
		};
/* End PBXFrameworksBuildPhase section */

/* Begin PBXGroup section */
		8D1F0E84304929EB00D4B273 = {
			isa = PBXGroup;
			children = (
				8D1F0E8F304929EB00D4B273 /* Canopus */,
				8D1F0E9D304929ED00D4B273 /* CanopusTests */,
				8D1F0EA7304929ED00D4B273 /* CanopusUITests */,
				8D2A0EF8304932F700D4B273 /* CanopusWidget */,
				8D1F0ECB304930EF00D4B273 /* Frameworks */,
				8D1F0E8E304929EB00D4B273 /* Products */,
				8D1F0F3630493FB000D4B273 /* Recovered References */,
			);
			sourceTree = "<group>";
		};
		8D1F0E8E304929EB00D4B273 /* Products */ = {
			isa = PBXGroup;
			children = (
				8D1F0E8D304929EB00D4B273 /* Canopus.app */,
				8D1F0E9A304929ED00D4B273 /* CanopusTests.xctest */,
				8D1F0EA4304929ED00D4B273 /* CanopusUITests.xctest */,
				8D2A0EF0304932F700D4B273 /* CanopusWidget.appex */,
			);
			name = Products;
			sourceTree = "<group>";
		};
		8D1F0ECB304930EF00D4B273 /* Frameworks */ = {
			isa = PBXGroup;
			children = (
			);
			name = Frameworks;
			sourceTree = "<group>";
		};
		8D1F0F3630493FB000D4B273 /* Recovered References */ = {
			isa = PBXGroup;
			children = (
				8D1F0EE0304930F600D4B273 /* sde.sqlite */,
				8D2A0EF9304932F700D4B273 /* WidgetKit.framework */,
			);
			name = "Recovered References";
			sourceTree = "<group>";
		};
/* End PBXGroup section */

/* Begin PBXNativeTarget section */
		8D1F0E8C304929EB00D4B273 /* Canopus */ = {
			isa = PBXNativeTarget;
			buildConfigurationList = 8D1F0EAE304929ED00D4B273 /* Build configuration list for PBXNativeTarget "Canopus" */;
			buildPhases = (
				8D1F0E89304929EB00D4B273 /* Sources */,
				8D1F0E8A304929EB00D4B273 /* Frameworks */,
				8D1F0E8B304929EB00D4B273 /* Resources */,
				8D2A0EFB304932F700D4B273 /* Embed Foundation Extensions */,
			);
			buildRules = (
			);
			dependencies = (
				8D2A0EFD304932F700D4B273 /* PBXTargetDependency */,
			);
			fileSystemSynchronizedGroups = (
				8D1F0E8F304929EB00D4B273 /* Canopus */,
			);
			name = Canopus;
			packageProductDependencies = (
				8D1F0ECC304930EF00D4B273 /* Domain */,
				8D1F0ECE304930F400D4B273 /* EVEStaticData */,
				8D1F0ED1304930F500D4B273 /* EVEAuth */,
			);
			productName = Canopus;
			productReference = 8D1F0E8D304929EB00D4B273 /* Canopus.app */;
			productType = "com.apple.product-type.application";
		};
		8D1F0E99304929ED00D4B273 /* CanopusTests */ = {
			isa = PBXNativeTarget;
			buildConfigurationList = 8D1F0EB1304929ED00D4B273 /* Build configuration list for PBXNativeTarget "CanopusTests" */;
			buildPhases = (
				8D1F0E96304929ED00D4B273 /* Sources */,
				8D1F0E97304929ED00D4B273 /* Frameworks */,
				8D1F0E98304929ED00D4B273 /* Resources */,
			);
			buildRules = (
			);
			dependencies = (
				8D1F0E9C304929ED00D4B273 /* PBXTargetDependency */,
			);
			fileSystemSynchronizedGroups = (
				8D1F0E9D304929ED00D4B273 /* CanopusTests */,
			);
			name = CanopusTests;
			packageProductDependencies = (
			);
			productName = CanopusTests;
			productReference = 8D1F0E9A304929ED00D4B273 /* CanopusTests.xctest */;
			productType = "com.apple.product-type.bundle.unit-test";
		};
		8D1F0EA3304929ED00D4B273 /* CanopusUITests */ = {
			isa = PBXNativeTarget;
			buildConfigurationList = 8D1F0EB4304929ED00D4B273 /* Build configuration list for PBXNativeTarget "CanopusUITests" */;
			buildPhases = (
				8D1F0EA0304929ED00D4B273 /* Sources */,
				8D1F0EA1304929ED00D4B273 /* Frameworks */,
				8D1F0EA2304929ED00D4B273 /* Resources */,
			);
			buildRules = (
			);
			dependencies = (
				8D1F0EA6304929ED00D4B273 /* PBXTargetDependency */,
			);
			fileSystemSynchronizedGroups = (
				8D1F0EA7304929ED00D4B273 /* CanopusUITests */,
			);
			name = CanopusUITests;
			packageProductDependencies = (
			);
			productName = CanopusUITests;
			productReference = 8D1F0EA4304929ED00D4B273 /* CanopusUITests.xctest */;
			productType = "com.apple.product-type.bundle.ui-testing";
		};
		8D2A0EF1304932F700D4B273 /* CanopusWidget */ = {
			isa = PBXNativeTarget;
			buildConfigurationList = 8D2A0EF2304932F700D4B273 /* Build configuration list for PBXNativeTarget "CanopusWidget" */;
			buildPhases = (
				8D2A0EF5304932F700D4B273 /* Sources */,
				8D2A0EF7304932F700D4B273 /* Frameworks */,
				8D2A0EF6304932F700D4B273 /* Resources */,
			);
			buildRules = (
			);
			dependencies = (
			);
			fileSystemSynchronizedGroups = (
				8D2A0EF8304932F700D4B273 /* CanopusWidget */,
			);
			name = CanopusWidget;
			packageProductDependencies = (
			);
			productName = CanopusWidget;
			productReference = 8D2A0EF0304932F700D4B273 /* CanopusWidget.appex */;
			productType = "com.apple.product-type.app-extension";
		};
/* End PBXNativeTarget section */

/* Begin PBXProject section */
		8D1F0E85304929EB00D4B273 /* Project object */ = {
			isa = PBXProject;
			attributes = {
				BuildIndependentTargetsInParallel = 1;
				LastSwiftUpdateCheck = 2660;
				LastUpgradeCheck = 2660;
				TargetAttributes = {
					8D1F0E8C304929EB00D4B273 = {
						CreatedOnToolsVersion = 26.6;
					};
					8D1F0E99304929ED00D4B273 = {
						CreatedOnToolsVersion = 26.6;
						TestTargetID = 8D1F0E8C304929EB00D4B273;
					};
					8D1F0EA3304929ED00D4B273 = {
						CreatedOnToolsVersion = 26.6;
						TestTargetID = 8D1F0E8C304929EB00D4B273;
					};
					8D2A0EF1304932F700D4B273 = {
						CreatedOnToolsVersion = 26.6;
					};
				};
			};
			buildConfigurationList = 8D1F0E88304929EB00D4B273 /* Build configuration list for PBXProject "Canopus" */;
			developmentRegion = en;
			hasScannedForEncodings = 0;
			knownRegions = (
				en,
				Base,
			);
			mainGroup = 8D1F0E84304929EB00D4B273;
			minimizedProjectReferenceProxies = 1;
			packageReferences = (
				8D1F0EC93049309A00D4B273 /* XCLocalSwiftPackageReference "Packages/Domain" */,
				8D1F0ECA304930B600D4B273 /* XCLocalSwiftPackageReference "Packages/EVEStaticData" */,
				8D1F0ED0304930F500D4B273 /* XCLocalSwiftPackageReference "Packages/EVEAuth" */,
			);
			preferredProjectObjectVersion = 77;
			productRefGroup = 8D1F0E8E304929EB00D4B273 /* Products */;
			projectDirPath = "";
			projectRoot = "";
			targets = (
				8D1F0E8C304929EB00D4B273 /* Canopus */,
				8D1F0E99304929ED00D4B273 /* CanopusTests */,
				8D1F0EA3304929ED00D4B273 /* CanopusUITests */,
				8D2A0EF1304932F700D4B273 /* CanopusWidget */,
			);
		};
/* End PBXProject section */

/* Begin PBXResourcesBuildPhase section */
		8D1F0E8B304929EB00D4B273 /* Resources */ = {
			isa = PBXResourcesBuildPhase;
			buildActionMask = 2147483647;
			files = (
				8D1F0EE1304930F600D4B273 /* sde.sqlite in Resources */,
			);
			runOnlyForDeploymentPostprocessing = 0;
		};
		8D1F0E98304929ED00D4B273 /* Resources */ = {
			isa = PBXResourcesBuildPhase;
			buildActionMask = 2147483647;
			files = (
			);
			runOnlyForDeploymentPostprocessing = 0;
		};
		8D1F0EA2304929ED00D4B273 /* Resources */ = {
			isa = PBXResourcesBuildPhase;
			buildActionMask = 2147483647;
			files = (
			);
			runOnlyForDeploymentPostprocessing = 0;
		};
		8D2A0EF6304932F700D4B273 /* Resources */ = {
			isa = PBXResourcesBuildPhase;
			buildActionMask = 2147483647;
			files = (
			);
			runOnlyForDeploymentPostprocessing = 0;
		};
/* End PBXResourcesBuildPhase section */

/* Begin PBXSourcesBuildPhase section */
		8D1F0E89304929EB00D4B273 /* Sources */ = {
			isa = PBXSourcesBuildPhase;
			buildActionMask = 2147483647;
			files = (
			);
			runOnlyForDeploymentPostprocessing = 0;
		};
		8D1F0E96304929ED00D4B273 /* Sources */ = {
			isa = PBXSourcesBuildPhase;
			buildActionMask = 2147483647;
			files = (
			);
			runOnlyForDeploymentPostprocessing = 0;
		};
		8D1F0EA0304929ED00D4B273 /* Sources */ = {
			isa = PBXSourcesBuildPhase;
			buildActionMask = 2147483647;
			files = (
			);
			runOnlyForDeploymentPostprocessing = 0;
		};
		8D2A0EF5304932F700D4B273 /* Sources */ = {
			isa = PBXSourcesBuildPhase;
			buildActionMask = 2147483647;
			files = (
			);
			runOnlyForDeploymentPostprocessing = 0;
		};
/* End PBXSourcesBuildPhase section */

/* Begin PBXTargetDependency section */
		8D1F0E9C304929ED00D4B273 /* PBXTargetDependency */ = {
			isa = PBXTargetDependency;
			target = 8D1F0E8C304929EB00D4B273 /* Canopus */;
			targetProxy = 8D1F0E9B304929ED00D4B273 /* PBXContainerItemProxy */;
		};
		8D1F0EA6304929ED00D4B273 /* PBXTargetDependency */ = {
			isa = PBXTargetDependency;
			target = 8D1F0E8C304929EB00D4B273 /* Canopus */;
			targetProxy = 8D1F0EA5304929ED00D4B273 /* PBXContainerItemProxy */;
		};
		8D2A0EFD304932F700D4B273 /* PBXTargetDependency */ = {
			isa = PBXTargetDependency;
			target = 8D2A0EF1304932F700D4B273 /* CanopusWidget */;
			targetProxy = 8D2A0EFE304932F700D4B273 /* PBXContainerItemProxy */;
		};
/* End PBXTargetDependency section */

/* Begin XCBuildConfiguration section */
		8D1F0EAC304929ED00D4B273 /* Debug */ = {
			isa = XCBuildConfiguration;
			buildSettings = {
				ALWAYS_SEARCH_USER_PATHS = NO;
				ASSETCATALOG_COMPILER_GENERATE_SWIFT_ASSET_SYMBOL_EXTENSIONS = YES;
				CLANG_ANALYZER_NONNULL = YES;
				CLANG_ANALYZER_NUMBER_OBJECT_CONVERSION = YES_AGGRESSIVE;
				CLANG_CXX_LANGUAGE_STANDARD = "gnu++20";
				CLANG_ENABLE_MODULES = YES;
				CLANG_ENABLE_OBJC_ARC = YES;
				CLANG_ENABLE_OBJC_WEAK = YES;
				CLANG_WARN_BLOCK_CAPTURE_AUTORELEASING = YES;
				CLANG_WARN_BOOL_CONVERSION = YES;
				CLANG_WARN_COMMA = YES;
				CLANG_WARN_CONSTANT_CONVERSION = YES;
				CLANG_WARN_DEPRECATED_OBJC_IMPLEMENTATIONS = YES;
				CLANG_WARN_DIRECT_OBJC_ISA_USAGE = YES_ERROR;
				CLANG_WARN_DOCUMENTATION_COMMENTS = YES;
				CLANG_WARN_EMPTY_BODY = YES;
				CLANG_WARN_ENUM_CONVERSION = YES;
				CLANG_WARN_INFINITE_RECURSION = YES;
				CLANG_WARN_INT_CONVERSION = YES;
				CLANG_WARN_NON_LITERAL_NULL_CONVERSION = YES;
				CLANG_WARN_OBJC_IMPLICIT_RETAIN_SELF = YES;
				CLANG_WARN_OBJC_LITERAL_CONVERSION = YES;
				CLANG_WARN_OBJC_ROOT_CLASS = YES_ERROR;
				CLANG_WARN_QUOTED_INCLUDE_IN_FRAMEWORK_HEADER = YES;
				CLANG_WARN_RANGE_LOOP_ANALYSIS = YES;
				CLANG_WARN_STRICT_PROTOTYPES = YES;
				CLANG_WARN_SUSPICIOUS_MOVE = YES;
				CLANG_WARN_UNGUARDED_AVAILABILITY = YES_AGGRESSIVE;
				CLANG_WARN_UNREACHABLE_CODE = YES;
				CLANG_WARN__DUPLICATE_METHOD_MATCH = YES;
				COPY_PHASE_STRIP = NO;
				DEBUG_INFORMATION_FORMAT = dwarf;
				DEVELOPMENT_TEAM = NCAY392TAZ;
				ENABLE_STRICT_OBJC_MSGSEND = YES;
				ENABLE_TESTABILITY = YES;
				ENABLE_USER_SCRIPT_SANDBOXING = YES;
				GCC_C_LANGUAGE_STANDARD = gnu17;
				GCC_DYNAMIC_NO_PIC = NO;
				GCC_NO_COMMON_BLOCKS = YES;
				GCC_OPTIMIZATION_LEVEL = 0;
				GCC_PREPROCESSOR_DEFINITIONS = (
					"DEBUG=1",
					"$(inherited)",
				);
				GCC_WARN_64_TO_32_BIT_CONVERSION = YES;
				GCC_WARN_ABOUT_RETURN_TYPE = YES_ERROR;
				GCC_WARN_UNDECLARED_SELECTOR = YES;
				GCC_WARN_UNINITIALIZED_AUTOS = YES_AGGRESSIVE;
				GCC_WARN_UNUSED_FUNCTION = YES;
				GCC_WARN_UNUSED_VARIABLE = YES;
				LOCALIZATION_PREFERS_STRING_CATALOGS = YES;
				MTL_ENABLE_DEBUG_INFO = INCLUDE_SOURCE;
				MTL_FAST_MATH = YES;
				ONLY_ACTIVE_ARCH = YES;
				SWIFT_ACTIVE_COMPILATION_CONDITIONS = "DEBUG $(inherited)";
				SWIFT_OPTIMIZATION_LEVEL = "-Onone";
			};
			name = Debug;
		};
		8D1F0EAD304929ED00D4B273 /* Release */ = {
			isa = XCBuildConfiguration;
			buildSettings = {
				ALWAYS_SEARCH_USER_PATHS = NO;
				ASSETCATALOG_COMPILER_GENERATE_SWIFT_ASSET_SYMBOL_EXTENSIONS = YES;
				CLANG_ANALYZER_NONNULL = YES;
				CLANG_ANALYZER_NUMBER_OBJECT_CONVERSION = YES_AGGRESSIVE;
				CLANG_CXX_LANGUAGE_STANDARD = "gnu++20";
				CLANG_ENABLE_MODULES = YES;
				CLANG_ENABLE_OBJC_ARC = YES;
				CLANG_ENABLE_OBJC_WEAK = YES;
				CLANG_WARN_BLOCK_CAPTURE_AUTORELEASING = YES;
				CLANG_WARN_BOOL_CONVERSION = YES;
				CLANG_WARN_COMMA = YES;
				CLANG_WARN_CONSTANT_CONVERSION = YES;
				CLANG_WARN_DEPRECATED_OBJC_IMPLEMENTATIONS = YES;
				CLANG_WARN_DIRECT_OBJC_ISA_USAGE = YES_ERROR;
				CLANG_WARN_DOCUMENTATION_COMMENTS = YES;
				CLANG_WARN_EMPTY_BODY = YES;
				CLANG_WARN_ENUM_CONVERSION = YES;
				CLANG_WARN_INFINITE_RECURSION = YES;
				CLANG_WARN_INT_CONVERSION = YES;
				CLANG_WARN_NON_LITERAL_NULL_CONVERSION = YES;
				CLANG_WARN_OBJC_IMPLICIT_RETAIN_SELF = YES;
				CLANG_WARN_OBJC_LITERAL_CONVERSION = YES;
				CLANG_WARN_OBJC_ROOT_CLASS = YES_ERROR;
				CLANG_WARN_QUOTED_INCLUDE_IN_FRAMEWORK_HEADER = YES;
				CLANG_WARN_RANGE_LOOP_ANALYSIS = YES;
				CLANG_WARN_STRICT_PROTOTYPES = YES;
				CLANG_WARN_SUSPICIOUS_MOVE = YES;
				CLANG_WARN_UNGUARDED_AVAILABILITY = YES_AGGRESSIVE;
				CLANG_WARN_UNREACHABLE_CODE = YES;
				CLANG_WARN__DUPLICATE_METHOD_MATCH = YES;
				COPY_PHASE_STRIP = NO;
				DEBUG_INFORMATION_FORMAT = "dwarf-with-dsym";
				DEVELOPMENT_TEAM = NCAY392TAZ;
				ENABLE_NS_ASSERTIONS = NO;
				ENABLE_STRICT_OBJC_MSGSEND = YES;
				ENABLE_USER_SCRIPT_SANDBOXING = YES;
				GCC_C_LANGUAGE_STANDARD = gnu17;
				GCC_NO_COMMON_BLOCKS = YES;
				GCC_WARN_64_TO_32_BIT_CONVERSION = YES;
				GCC_WARN_ABOUT_RETURN_TYPE = YES_ERROR;
				GCC_WARN_UNDECLARED_SELECTOR = YES;
				GCC_WARN_UNINITIALIZED_AUTOS = YES_AGGRESSIVE;
				GCC_WARN_UNUSED_FUNCTION = YES;
				GCC_WARN_UNUSED_VARIABLE = YES;
				LOCALIZATION_PREFERS_STRING_CATALOGS = YES;
				MTL_ENABLE_DEBUG_INFO = NO;
				MTL_FAST_MATH = YES;
				SWIFT_COMPILATION_MODE = wholemodule;
			};
			name = Release;
		};
		8D1F0EAF304929ED00D4B273 /* Debug */ = {
			isa = XCBuildConfiguration;
			buildSettings = {
				ASSETCATALOG_COMPILER_APPICON_NAME = AppIcon;
				ASSETCATALOG_COMPILER_GLOBAL_ACCENT_COLOR_NAME = AccentColor;
				CODE_SIGN_ENTITLEMENTS = Canopus/Canopus.entitlements;
				CODE_SIGN_STYLE = Automatic;
				CURRENT_PROJECT_VERSION = 1;
				DEVELOPMENT_TEAM = NCAY392TAZ;
				ENABLE_APP_SANDBOX = YES;
				ENABLE_HARDENED_RUNTIME = YES;
				ENABLE_PREVIEWS = YES;
				ENABLE_USER_SELECTED_FILES = readonly;
				GENERATE_INFOPLIST_FILE = YES;
				"INFOPLIST_KEY_UIApplicationSceneManifest_Generation[sdk=iphoneos*]" = YES;
				"INFOPLIST_KEY_UIApplicationSceneManifest_Generation[sdk=iphonesimulator*]" = YES;
				"INFOPLIST_KEY_UIApplicationSupportsIndirectInputEvents[sdk=iphoneos*]" = YES;
				"INFOPLIST_KEY_UIApplicationSupportsIndirectInputEvents[sdk=iphonesimulator*]" = YES;
				"INFOPLIST_KEY_UILaunchScreen_Generation[sdk=iphoneos*]" = YES;
				"INFOPLIST_KEY_UILaunchScreen_Generation[sdk=iphonesimulator*]" = YES;
				"INFOPLIST_KEY_UIStatusBarStyle[sdk=iphoneos*]" = UIStatusBarStyleDefault;
				"INFOPLIST_KEY_UIStatusBarStyle[sdk=iphonesimulator*]" = UIStatusBarStyleDefault;
				INFOPLIST_KEY_UISupportedInterfaceOrientations_iPad = "UIInterfaceOrientationPortrait UIInterfaceOrientationPortraitUpsideDown UIInterfaceOrientationLandscapeLeft UIInterfaceOrientationLandscapeRight";
				INFOPLIST_KEY_UISupportedInterfaceOrientations_iPhone = "UIInterfaceOrientationPortrait UIInterfaceOrientationLandscapeLeft UIInterfaceOrientationLandscapeRight";
				IPHONEOS_DEPLOYMENT_TARGET = 26.5;
				LD_RUNPATH_SEARCH_PATHS = "@executable_path/Frameworks";
				"LD_RUNPATH_SEARCH_PATHS[sdk=macosx*]" = "@executable_path/../Frameworks";
				MACOSX_DEPLOYMENT_TARGET = 26.5;
				MARKETING_VERSION = 1.0;
				PRODUCT_BUNDLE_IDENTIFIER = AlexPlumbing.Canopus;
				PRODUCT_NAME = "$(TARGET_NAME)";
				REGISTER_APP_GROUPS = YES;
				SDKROOT = auto;
				STRING_CATALOG_GENERATE_SYMBOLS = YES;
				SUPPORTED_PLATFORMS = "iphoneos iphonesimulator macosx xros xrsimulator";
				SWIFT_APPROACHABLE_CONCURRENCY = YES;
				SWIFT_DEFAULT_ACTOR_ISOLATION = MainActor;
				SWIFT_EMIT_LOC_STRINGS = YES;
				SWIFT_UPCOMING_FEATURE_MEMBER_IMPORT_VISIBILITY = YES;
				SWIFT_VERSION = 5.0;
				TARGETED_DEVICE_FAMILY = "1,2,7";
				XROS_DEPLOYMENT_TARGET = 26.5;
			};
			name = Debug;
		};
		8D1F0EB0304929ED00D4B273 /* Release */ = {
			isa = XCBuildConfiguration;
			buildSettings = {
				ASSETCATALOG_COMPILER_APPICON_NAME = AppIcon;
				ASSETCATALOG_COMPILER_GLOBAL_ACCENT_COLOR_NAME = AccentColor;
				CODE_SIGN_ENTITLEMENTS = Canopus/Canopus.entitlements;
				CODE_SIGN_STYLE = Automatic;
				CURRENT_PROJECT_VERSION = 1;
				DEVELOPMENT_TEAM = NCAY392TAZ;
				ENABLE_APP_SANDBOX = YES;
				ENABLE_HARDENED_RUNTIME = YES;
				ENABLE_PREVIEWS = YES;
				ENABLE_USER_SELECTED_FILES = readonly;
				GENERATE_INFOPLIST_FILE = YES;
				"INFOPLIST_KEY_UIApplicationSceneManifest_Generation[sdk=iphoneos*]" = YES;
				"INFOPLIST_KEY_UIApplicationSceneManifest_Generation[sdk=iphonesimulator*]" = YES;
				"INFOPLIST_KEY_UIApplicationSupportsIndirectInputEvents[sdk=iphoneos*]" = YES;
				"INFOPLIST_KEY_UIApplicationSupportsIndirectInputEvents[sdk=iphonesimulator*]" = YES;
				"INFOPLIST_KEY_UILaunchScreen_Generation[sdk=iphoneos*]" = YES;
				"INFOPLIST_KEY_UILaunchScreen_Generation[sdk=iphonesimulator*]" = YES;
				"INFOPLIST_KEY_UIStatusBarStyle[sdk=iphoneos*]" = UIStatusBarStyleDefault;
				"INFOPLIST_KEY_UIStatusBarStyle[sdk=iphonesimulator*]" = UIStatusBarStyleDefault;
				INFOPLIST_KEY_UISupportedInterfaceOrientations_iPad = "UIInterfaceOrientationPortrait UIInterfaceOrientationPortraitUpsideDown UIInterfaceOrientationLandscapeLeft UIInterfaceOrientationLandscapeRight";
				INFOPLIST_KEY_UISupportedInterfaceOrientations_iPhone = "UIInterfaceOrientationPortrait UIInterfaceOrientationLandscapeLeft UIInterfaceOrientationLandscapeRight";
				IPHONEOS_DEPLOYMENT_TARGET = 26.5;
				LD_RUNPATH_SEARCH_PATHS = "@executable_path/Frameworks";
				"LD_RUNPATH_SEARCH_PATHS[sdk=macosx*]" = "@executable_path/../Frameworks";
				MACOSX_DEPLOYMENT_TARGET = 26.5;
				MARKETING_VERSION = 1.0;
				PRODUCT_BUNDLE_IDENTIFIER = AlexPlumbing.Canopus;
				PRODUCT_NAME = "$(TARGET_NAME)";
				REGISTER_APP_GROUPS = YES;
				SDKROOT = auto;
				STRING_CATALOG_GENERATE_SYMBOLS = YES;
				SUPPORTED_PLATFORMS = "iphoneos iphonesimulator macosx xros xrsimulator";
				SWIFT_APPROACHABLE_CONCURRENCY = YES;
				SWIFT_DEFAULT_ACTOR_ISOLATION = MainActor;
				SWIFT_EMIT_LOC_STRINGS = YES;
				SWIFT_UPCOMING_FEATURE_MEMBER_IMPORT_VISIBILITY = YES;
				SWIFT_VERSION = 5.0;
				TARGETED_DEVICE_FAMILY = "1,2,7";
				XROS_DEPLOYMENT_TARGET = 26.5;
			};
			name = Release;
		};
		8D1F0EB2304929ED00D4B273 /* Debug */ = {
			isa = XCBuildConfiguration;
			buildSettings = {
				BUNDLE_LOADER = "$(TEST_HOST)";
				CODE_SIGN_STYLE = Automatic;
				CURRENT_PROJECT_VERSION = 1;
				DEVELOPMENT_TEAM = NCAY392TAZ;
				GENERATE_INFOPLIST_FILE = YES;
				IPHONEOS_DEPLOYMENT_TARGET = 26.5;
				MACOSX_DEPLOYMENT_TARGET = 26.5;
				MARKETING_VERSION = 1.0;
				PRODUCT_BUNDLE_IDENTIFIER = AlexPlumbing.CanopusTests;
				PRODUCT_NAME = "$(TARGET_NAME)";
				SDKROOT = auto;
				STRING_CATALOG_GENERATE_SYMBOLS = NO;
				SUPPORTED_PLATFORMS = "iphoneos iphonesimulator macosx xros xrsimulator";
				SWIFT_APPROACHABLE_CONCURRENCY = YES;
				SWIFT_EMIT_LOC_STRINGS = NO;
				SWIFT_UPCOMING_FEATURE_MEMBER_IMPORT_VISIBILITY = YES;
				SWIFT_VERSION = 5.0;
				TARGETED_DEVICE_FAMILY = "1,2,7";
				TEST_HOST = "$(BUILT_PRODUCTS_DIR)/Canopus.app/$(BUNDLE_EXECUTABLE_FOLDER_PATH)/Canopus";
				XROS_DEPLOYMENT_TARGET = 26.5;
			};
			name = Debug;
		};
		8D1F0EB3304929ED00D4B273 /* Release */ = {
			isa = XCBuildConfiguration;
			buildSettings = {
				BUNDLE_LOADER = "$(TEST_HOST)";
				CODE_SIGN_STYLE = Automatic;
				CURRENT_PROJECT_VERSION = 1;
				DEVELOPMENT_TEAM = NCAY392TAZ;
				GENERATE_INFOPLIST_FILE = YES;
				IPHONEOS_DEPLOYMENT_TARGET = 26.5;
				MACOSX_DEPLOYMENT_TARGET = 26.5;
				MARKETING_VERSION = 1.0;
				PRODUCT_BUNDLE_IDENTIFIER = AlexPlumbing.CanopusTests;
				PRODUCT_NAME = "$(TARGET_NAME)";
				SDKROOT = auto;
				STRING_CATALOG_GENERATE_SYMBOLS = NO;
				SUPPORTED_PLATFORMS = "iphoneos iphonesimulator macosx xros xrsimulator";
				SWIFT_APPROACHABLE_CONCURRENCY = YES;
				SWIFT_EMIT_LOC_STRINGS = NO;
				SWIFT_UPCOMING_FEATURE_MEMBER_IMPORT_VISIBILITY = YES;
				SWIFT_VERSION = 5.0;
				TARGETED_DEVICE_FAMILY = "1,2,7";
				TEST_HOST = "$(BUILT_PRODUCTS_DIR)/Canopus.app/$(BUNDLE_EXECUTABLE_FOLDER_PATH)/Canopus";
				XROS_DEPLOYMENT_TARGET = 26.5;
			};
			name = Release;
		};
		8D1F0EB5304929ED00D4B273 /* Debug */ = {
			isa = XCBuildConfiguration;
			buildSettings = {
				CODE_SIGN_STYLE = Automatic;
				CURRENT_PROJECT_VERSION = 1;
				DEVELOPMENT_TEAM = NCAY392TAZ;
				GENERATE_INFOPLIST_FILE = YES;
				IPHONEOS_DEPLOYMENT_TARGET = 26.5;
				MACOSX_DEPLOYMENT_TARGET = 26.5;
				MARKETING_VERSION = 1.0;
				PRODUCT_BUNDLE_IDENTIFIER = AlexPlumbing.CanopusUITests;
				PRODUCT_NAME = "$(TARGET_NAME)";
				SDKROOT = auto;
				STRING_CATALOG_GENERATE_SYMBOLS = NO;
				SUPPORTED_PLATFORMS = "iphoneos iphonesimulator macosx xros xrsimulator";
				SWIFT_APPROACHABLE_CONCURRENCY = YES;
				SWIFT_EMIT_LOC_STRINGS = NO;
				SWIFT_UPCOMING_FEATURE_MEMBER_IMPORT_VISIBILITY = YES;
				SWIFT_VERSION = 5.0;
				TARGETED_DEVICE_FAMILY = "1,2,7";
				TEST_TARGET_NAME = Canopus;
				XROS_DEPLOYMENT_TARGET = 26.5;
			};
			name = Debug;
		};
		8D1F0EB6304929ED00D4B273 /* Release */ = {
			isa = XCBuildConfiguration;
			buildSettings = {
				CODE_SIGN_STYLE = Automatic;
				CURRENT_PROJECT_VERSION = 1;
				DEVELOPMENT_TEAM = NCAY392TAZ;
				GENERATE_INFOPLIST_FILE = YES;
				IPHONEOS_DEPLOYMENT_TARGET = 26.5;
				MACOSX_DEPLOYMENT_TARGET = 26.5;
				MARKETING_VERSION = 1.0;
				PRODUCT_BUNDLE_IDENTIFIER = AlexPlumbing.CanopusUITests;
				PRODUCT_NAME = "$(TARGET_NAME)";
				SDKROOT = auto;
				STRING_CATALOG_GENERATE_SYMBOLS = NO;
				SUPPORTED_PLATFORMS = "iphoneos iphonesimulator macosx xros xrsimulator";
				SWIFT_APPROACHABLE_CONCURRENCY = YES;
				SWIFT_EMIT_LOC_STRINGS = NO;
				SWIFT_UPCOMING_FEATURE_MEMBER_IMPORT_VISIBILITY = YES;
				SWIFT_VERSION = 5.0;
				TARGETED_DEVICE_FAMILY = "1,2,7";
				TEST_TARGET_NAME = Canopus;
				XROS_DEPLOYMENT_TARGET = 26.5;
			};
			name = Release;
		};
		8D2A0EF3304932F700D4B273 /* Debug */ = {
			isa = XCBuildConfiguration;
			buildSettings = {
				APPLICATION_EXTENSION_API_ONLY = YES;
				CODE_SIGN_ENTITLEMENTS = CanopusWidget/CanopusWidget.entitlements;
				CODE_SIGN_STYLE = Automatic;
				CURRENT_PROJECT_VERSION = 1;
				DEVELOPMENT_TEAM = NCAY392TAZ;
				INFOPLIST_FILE = "CanopusWidget-Info.plist";
				IPHONEOS_DEPLOYMENT_TARGET = 26.5;
				LD_RUNPATH_SEARCH_PATHS = "@executable_path/../../Frameworks";
				"LD_RUNPATH_SEARCH_PATHS[sdk=macosx*]" = "@executable_path/../Frameworks";
				MACOSX_DEPLOYMENT_TARGET = 26.5;
				MARKETING_VERSION = 1.0;
				PRODUCT_BUNDLE_IDENTIFIER = AlexPlumbing.Canopus.widget;
				PRODUCT_NAME = "$(TARGET_NAME)";
				SDKROOT = auto;
				SKIP_INSTALL = YES;
				SUPPORTED_PLATFORMS = "iphoneos iphonesimulator macosx xros xrsimulator";
				SWIFT_APPROACHABLE_CONCURRENCY = YES;
				SWIFT_DEFAULT_ACTOR_ISOLATION = MainActor;
				SWIFT_EMIT_LOC_STRINGS = YES;
				SWIFT_UPCOMING_FEATURE_MEMBER_IMPORT_VISIBILITY = YES;
				SWIFT_VERSION = 5.0;
				TARGETED_DEVICE_FAMILY = "1,2,7";
				XROS_DEPLOYMENT_TARGET = 26.5;
			};
			name = Debug;
		};
		8D2A0EF4304932F700D4B273 /* Release */ = {
			isa = XCBuildConfiguration;
			buildSettings = {
				APPLICATION_EXTENSION_API_ONLY = YES;
				CODE_SIGN_ENTITLEMENTS = CanopusWidget/CanopusWidget.entitlements;
				CODE_SIGN_STYLE = Automatic;
				CURRENT_PROJECT_VERSION = 1;
				DEVELOPMENT_TEAM = NCAY392TAZ;
				INFOPLIST_FILE = "CanopusWidget-Info.plist";
				IPHONEOS_DEPLOYMENT_TARGET = 26.5;
				LD_RUNPATH_SEARCH_PATHS = "@executable_path/../../Frameworks";
				"LD_RUNPATH_SEARCH_PATHS[sdk=macosx*]" = "@executable_path/../Frameworks";
				MACOSX_DEPLOYMENT_TARGET = 26.5;
				MARKETING_VERSION = 1.0;
				PRODUCT_BUNDLE_IDENTIFIER = AlexPlumbing.Canopus.widget;
				PRODUCT_NAME = "$(TARGET_NAME)";
				SDKROOT = auto;
				SKIP_INSTALL = YES;
				SUPPORTED_PLATFORMS = "iphoneos iphonesimulator macosx xros xrsimulator";
				SWIFT_APPROACHABLE_CONCURRENCY = YES;
				SWIFT_DEFAULT_ACTOR_ISOLATION = MainActor;
				SWIFT_EMIT_LOC_STRINGS = YES;
				SWIFT_UPCOMING_FEATURE_MEMBER_IMPORT_VISIBILITY = YES;
				SWIFT_VERSION = 5.0;
				TARGETED_DEVICE_FAMILY = "1,2,7";
				XROS_DEPLOYMENT_TARGET = 26.5;
			};
			name = Release;
		};
/* End XCBuildConfiguration section */

/* Begin XCConfigurationList section */
		8D1F0E88304929EB00D4B273 /* Build configuration list for PBXProject "Canopus" */ = {
			isa = XCConfigurationList;
			buildConfigurations = (
				8D1F0EAC304929ED00D4B273 /* Debug */,
				8D1F0EAD304929ED00D4B273 /* Release */,
			);
			defaultConfigurationIsVisible = 0;
			defaultConfigurationName = Release;
		};
		8D1F0EAE304929ED00D4B273 /* Build configuration list for PBXNativeTarget "Canopus" */ = {
			isa = XCConfigurationList;
			buildConfigurations = (
				8D1F0EAF304929ED00D4B273 /* Debug */,
				8D1F0EB0304929ED00D4B273 /* Release */,
			);
			defaultConfigurationIsVisible = 0;
			defaultConfigurationName = Release;
		};
		8D1F0EB1304929ED00D4B273 /* Build configuration list for PBXNativeTarget "CanopusTests" */ = {
			isa = XCConfigurationList;
			buildConfigurations = (
				8D1F0EB2304929ED00D4B273 /* Debug */,
				8D1F0EB3304929ED00D4B273 /* Release */,
			);
			defaultConfigurationIsVisible = 0;
			defaultConfigurationName = Release;
		};
		8D1F0EB4304929ED00D4B273 /* Build configuration list for PBXNativeTarget "CanopusUITests" */ = {
			isa = XCConfigurationList;
			buildConfigurations = (
				8D1F0EB5304929ED00D4B273 /* Debug */,
				8D1F0EB6304929ED00D4B273 /* Release */,
			);
			defaultConfigurationIsVisible = 0;
			defaultConfigurationName = Release;
		};
		8D2A0EF2304932F700D4B273 /* Build configuration list for PBXNativeTarget "CanopusWidget" */ = {
			isa = XCConfigurationList;
			buildConfigurations = (
				8D2A0EF3304932F700D4B273 /* Debug */,
				8D2A0EF4304932F700D4B273 /* Release */,
			);
			defaultConfigurationIsVisible = 0;
			defaultConfigurationName = Release;
		};
/* End XCConfigurationList section */

/* Begin XCLocalSwiftPackageReference section */
		8D1F0EC93049309A00D4B273 /* XCLocalSwiftPackageReference "Packages/Domain" */ = {
			isa = XCLocalSwiftPackageReference;
			relativePath = Packages/Domain;
		};
		8D1F0ECA304930B600D4B273 /* XCLocalSwiftPackageReference "Packages/EVEStaticData" */ = {
			isa = XCLocalSwiftPackageReference;
			relativePath = Packages/EVEStaticData;
		};
		8D1F0ED0304930F500D4B273 /* XCLocalSwiftPackageReference "Packages/EVEAuth" */ = {
			isa = XCLocalSwiftPackageReference;
			relativePath = Packages/EVEAuth;
		};
/* End XCLocalSwiftPackageReference section */

/* Begin XCSwiftPackageProductDependency section */
		8D1F0ECC304930EF00D4B273 /* Domain */ = {
			isa = XCSwiftPackageProductDependency;
			package = 8D1F0EC93049309A00D4B273 /* XCLocalSwiftPackageReference "Packages/Domain" */;
			productName = Domain;
		};
		8D1F0ECE304930F400D4B273 /* EVEStaticData */ = {
			isa = XCSwiftPackageProductDependency;
			package = 8D1F0ECA304930B600D4B273 /* XCLocalSwiftPackageReference "Packages/EVEStaticData" */;
			productName = EVEStaticData;
		};
		8D1F0ED1304930F500D4B273 /* EVEAuth */ = {
			isa = XCSwiftPackageProductDependency;
			package = 8D1F0ED0304930F500D4B273 /* XCLocalSwiftPackageReference "Packages/EVEAuth" */;
			productName = EVEAuth;
		};
/* End XCSwiftPackageProductDependency section */
	};
	rootObject = 8D1F0E85304929EB00D4B273 /* Project object */;
}
